// !$*UTF8*$!
{
	archiveVersion = 1;
	classes = {
	};
	objectVersion = 51;
	objects = {

/* Begin PBXBuildFile section */
		84AF9B6E2649D39C00AA28B1 /* LoginViewController.swift in Sources */ = {isa = PBXBuildFile; fileRef = 84AF9B6D2649D39B00AA28B1 /* LoginViewController.swift */; };
		84AF9B74264ADC6200AA28B1 /* AdminViewController.swift in Sources */ = {isa = PBXBuildFile; fileRef = 84AF9B73264ADC6200AA28B1 /* AdminViewController.swift */; };
		84AF9B77264ADC7500AA28B1 /* UserViewController.swift in Sources */ = {isa = PBXBuildFile; fileRef = 84AF9B76264ADC7500AA28B1 /* UserViewController.swift */; };
		84AF9BB7264C814100AA28B1 /* ForgetPasswordViewController.swift in Sources */ = {isa = PBXBuildFile; fileRef = 84AF9BB6264C814100AA28B1 /* ForgetPasswordViewController.swift */; };
		84BFD83B2649911E001DB459 /* AppDelegate.swift in Sources */ = {isa = PBXBuildFile; fileRef = 84BFD83A2649911E001DB459 /* AppDelegate.swift */; };
		84BFD83D2649911E001DB459 /* SceneDelegate.swift in Sources */ = {isa = PBXBuildFile; fileRef = 84BFD83C2649911E001DB459 /* SceneDelegate.swift */; };
		84BFD83F2649911E001DB459 /* ViewController.swift in Sources */ = {isa = PBXBuildFile; fileRef = 84BFD83E2649911E001DB459 /* ViewController.swift */; };
		84BFD8422649911F001DB459 /* Main.storyboard in Resources */ = {isa = PBXBuildFile; fileRef = 84BFD8402649911F001DB459 /* Main.storyboard */; };
		84BFD8452649911F001DB459 /* Project_2.xcdatamodeld in Sources */ = {isa = PBXBuildFile; fileRef = 84BFD8432649911F001DB459 /* Project_2.xcdatamodeld */; };
		84BFD84726499123001DB459 /* Assets.xcassets in Resources */ = {isa = PBXBuildFile; fileRef = 84BFD84626499123001DB459 /* Assets.xcassets */; };
		84BFD84A26499123001DB459 /* LaunchScreen.storyboard in Resources */ = {isa = PBXBuildFile; fileRef = 84BFD84826499123001DB459 /* LaunchScreen.storyboard */; };
		84BFD8CE2649CBC7001DB459 /* DBHelper.swift in Sources */ = {isa = PBXBuildFile; fileRef = 84BFD8CD2649CBC7001DB459 /* DBHelper.swift */; };
		84BFD8D42649CC71001DB459 /* User+CoreDataClass.swift in Sources */ = {isa = PBXBuildFile; fileRef = 84BFD8D02649CC71001DB459 /* User+CoreDataClass.swift */; };
		84BFD8D52649CC71001DB459 /* User+CoreDataProperties.swift in Sources */ = {isa = PBXBuildFile; fileRef = 84BFD8D12649CC71001DB459 /* User+CoreDataProperties.swift */; };
		84BFD8D62649CC71001DB459 /* Question+CoreDataClass.swift in Sources */ = {isa = PBXBuildFile; fileRef = 84BFD8D22649CC71001DB459 /* Question+CoreDataClass.swift */; };
		84BFD8D72649CC71001DB459 /* Question+CoreDataProperties.swift in Sources */ = {isa = PBXBuildFile; fileRef = 84BFD8D32649CC71001DB459 /* Question+CoreDataProperties.swift */; };
		84EE3523264B329D002AED57 /* Quiz+CoreDataClass.swift in Sources */ = {isa = PBXBuildFile; fileRef = 84EE3521264B329D002AED57 /* Quiz+CoreDataClass.swift */; };
		84EE3524264B329D002AED57 /* Quiz+CoreDataProperties.swift in Sources */ = {isa = PBXBuildFile; fileRef = 84EE3522264B329D002AED57 /* Quiz+CoreDataProperties.swift */; };
		84EE352C264B8907002AED57 /* SignUpViewController.swift in Sources */ = {isa = PBXBuildFile; fileRef = 84EE352B264B8907002AED57 /* SignUpViewController.swift */; };
		84EE352F264B8C71002AED57 /* QuestionMakerViewController.swift in Sources */ = {isa = PBXBuildFile; fileRef = 84EE352E264B8C71002AED57 /* QuestionMakerViewController.swift */; };
		84EE3535264C3128002AED57 /* QuizMakerViewController.swift in Sources */ = {isa = PBXBuildFile; fileRef = 84EE3534264C3128002AED57 /* QuizMakerViewController.swift */; };
		CB5DF08E434D9DFAC566D559 /* Pods_Project_2.framework in Frameworks */ = {isa = PBXBuildFile; fileRef = 6A6EA4196F56951CA363818B /* Pods_Project_2.framework */; };
		DE14B42E264B737E00E9D5B1 /* WelcomeViewController.swift in Sources */ = {isa = PBXBuildFile; fileRef = DE14B42D264B737E00E9D5B1 /* WelcomeViewController.swift */; };
		DE14BF92264CECBD00CF7825 /* TakeQuizViewController.swift in Sources */ = {isa = PBXBuildFile; fileRef = DE14BF91264CECBD00CF7825 /* TakeQuizViewController.swift */; };
		DEA96FF2264CBFF3000A1A73 /* Appearance.swift in Sources */ = {isa = PBXBuildFile; fileRef = DEA96FF1264CBFF3000A1A73 /* Appearance.swift */; };
/* End PBXBuildFile section */

/* Begin PBXFileReference section */
		6A6EA4196F56951CA363818B /* Pods_Project_2.framework */ = {isa = PBXFileReference; explicitFileType = wrapper.framework; includeInIndex = 0; path = Pods_Project_2.framework; sourceTree = BUILT_PRODUCTS_DIR; };
		83803ED69DAF05B1F243A2E7 /* Pods-Project_2.debug.xcconfig */ = {isa = PBXFileReference; includeInIndex = 1; lastKnownFileType = text.xcconfig; name = "Pods-Project_2.debug.xcconfig"; path = "Target Support Files/Pods-Project_2/Pods-Project_2.debug.xcconfig"; sourceTree = "<group>"; };
		84AF9B6D2649D39B00AA28B1 /* LoginViewController.swift */ = {isa = PBXFileReference; lastKnownFileType = sourcecode.swift; path = LoginViewController.swift; sourceTree = "<group>"; };
		84AF9B73264ADC6200AA28B1 /* AdminViewController.swift */ = {isa = PBXFileReference; lastKnownFileType = sourcecode.swift; path = AdminViewController.swift; sourceTree = "<group>"; };
		84AF9B76264ADC7500AA28B1 /* UserViewController.swift */ = {isa = PBXFileReference; lastKnownFileType = sourcecode.swift; path = UserViewController.swift; sourceTree = "<group>"; };
		84AF9BB6264C814100AA28B1 /* ForgetPasswordViewController.swift */ = {isa = PBXFileReference; lastKnownFileType = sourcecode.swift; path = ForgetPasswordViewController.swift; sourceTree = "<group>"; };
		84BFD8372649911E001DB459 /* Project_2.app */ = {isa = PBXFileReference; explicitFileType = wrapper.application; includeInIndex = 0; path = Project_2.app; sourceTree = BUILT_PRODUCTS_DIR; };
		84BFD83A2649911E001DB459 /* AppDelegate.swift */ = {isa = PBXFileReference; lastKnownFileType = sourcecode.swift; path = AppDelegate.swift; sourceTree = "<group>"; };
		84BFD83C2649911E001DB459 /* SceneDelegate.swift */ = {isa = PBXFileReference; lastKnownFileType = sourcecode.swift; path = SceneDelegate.swift; sourceTree = "<group>"; };
		84BFD83E2649911E001DB459 /* ViewController.swift */ = {isa = PBXFileReference; lastKnownFileType = sourcecode.swift; path = ViewController.swift; sourceTree = "<group>"; };
		84BFD8412649911F001DB459 /* Base */ = {isa = PBXFileReference; lastKnownFileType = file.storyboard; name = Base; path = Base.lproj/Main.storyboard; sourceTree = "<group>"; };
		84BFD8442649911F001DB459 /* Project_2.xcdatamodel */ = {isa = PBXFileReference; lastKnownFileType = wrapper.xcdatamodel; path = Project_2.xcdatamodel; sourceTree = "<group>"; };
		84BFD84626499123001DB459 /* Assets.xcassets */ = {isa = PBXFileReference; lastKnownFileType = folder.assetcatalog; path = Assets.xcassets; sourceTree = "<group>"; };
		84BFD84926499123001DB459 /* Base */ = {isa = PBXFileReference; lastKnownFileType = file.storyboard; name = Base; path = Base.lproj/LaunchScreen.storyboard; sourceTree = "<group>"; };
		84BFD84B26499123001DB459 /* Info.plist */ = {isa = PBXFileReference; lastKnownFileType = text.plist.xml; path = Info.plist; sourceTree = "<group>"; };
		84BFD8CD2649CBC7001DB459 /* DBHelper.swift */ = {isa = PBXFileReference; lastKnownFileType = sourcecode.swift; path = DBHelper.swift; sourceTree = "<group>"; };
		84BFD8D02649CC71001DB459 /* User+CoreDataClass.swift */ = {isa = PBXFileReference; lastKnownFileType = sourcecode.swift; path = "User+CoreDataClass.swift"; sourceTree = "<group>"; };
		84BFD8D12649CC71001DB459 /* User+CoreDataProperties.swift */ = {isa = PBXFileReference; lastKnownFileType = sourcecode.swift; path = "User+CoreDataProperties.swift"; sourceTree = "<group>"; };
		84BFD8D22649CC71001DB459 /* Question+CoreDataClass.swift */ = {isa = PBXFileReference; lastKnownFileType = sourcecode.swift; path = "Question+CoreDataClass.swift"; sourceTree = "<group>"; };
		84BFD8D32649CC71001DB459 /* Question+CoreDataProperties.swift */ = {isa = PBXFileReference; lastKnownFileType = sourcecode.swift; path = "Question+CoreDataProperties.swift"; sourceTree = "<group>"; };
		84EE3521264B329D002AED57 /* Quiz+CoreDataClass.swift */ = {isa = PBXFileReference; lastKnownFileType = sourcecode.swift; path = "Quiz+CoreDataClass.swift"; sourceTree = "<group>"; };
		84EE3522264B329D002AED57 /* Quiz+CoreDataProperties.swift */ = {isa = PBXFileReference; lastKnownFileType = sourcecode.swift; path = "Quiz+CoreDataProperties.swift"; sourceTree = "<group>"; };
		84EE352B264B8907002AED57 /* SignUpViewController.swift */ = {isa = PBXFileReference; lastKnownFileType = sourcecode.swift; path = SignUpViewController.swift; sourceTree = "<group>"; };
		84EE352E264B8C71002AED57 /* QuestionMakerViewController.swift */ = {isa = PBXFileReference; lastKnownFileType = sourcecode.swift; path = QuestionMakerViewController.swift; sourceTree = "<group>"; };
		84EE3534264C3128002AED57 /* QuizMakerViewController.swift */ = {isa = PBXFileReference; lastKnownFileType = sourcecode.swift; path = QuizMakerViewController.swift; sourceTree = "<group>"; };
		DE14B42D264B737E00E9D5B1 /* WelcomeViewController.swift */ = {isa = PBXFileReference; lastKnownFileType = sourcecode.swift; path = WelcomeViewController.swift; sourceTree = "<group>"; };
		DE14BF91264CECBD00CF7825 /* TakeQuizViewController.swift */ = {isa = PBXFileReference; lastKnownFileType = sourcecode.swift; path = TakeQuizViewController.swift; sourceTree = "<group>"; };
		DEA96FF1264CBFF3000A1A73 /* Appearance.swift */ = {isa = PBXFileReference; lastKnownFileType = sourcecode.swift; path = Appearance.swift; sourceTree = "<group>"; };
		E317369B4B6EA56610CB5A97 /* Pods-Project_2.release.xcconfig */ = {isa = PBXFileReference; includeInIndex = 1; lastKnownFileType = text.xcconfig; name = "Pods-Project_2.release.xcconfig"; path = "Target Support Files/Pods-Project_2/Pods-Project_2.release.xcconfig"; sourceTree = "<group>"; };
/* End PBXFileReference section */

/* Begin PBXFrameworksBuildPhase section */
		84BFD8342649911E001DB459 /* Frameworks */ = {
			isa = PBXFrameworksBuildPhase;
			buildActionMask = 2147483647;
			files = (
				CB5DF08E434D9DFAC566D559 /* Pods_Project_2.framework in Frameworks */,
			);
			runOnlyForDeploymentPostprocessing = 0;
		};
/* End PBXFrameworksBuildPhase section */

/* Begin PBXGroup section */
		446D1CFBF795CD74FFF8130E /* Frameworks */ = {
			isa = PBXGroup;
			children = (
				6A6EA4196F56951CA363818B /* Pods_Project_2.framework */,
			);
			name = Frameworks;
			sourceTree = "<group>";
		};
		84BFD82E2649911E001DB459 = {
			isa = PBXGroup;
			children = (
				84EE3521264B329D002AED57 /* Quiz+CoreDataClass.swift */,
				84EE3522264B329D002AED57 /* Quiz+CoreDataProperties.swift */,
				84BFD8D02649CC71001DB459 /* User+CoreDataClass.swift */,
				84BFD8D12649CC71001DB459 /* User+CoreDataProperties.swift */,
				84BFD8D22649CC71001DB459 /* Question+CoreDataClass.swift */,
				84BFD8D32649CC71001DB459 /* Question+CoreDataProperties.swift */,
				84BFD8392649911E001DB459 /* Project_2 */,
				84BFD8382649911E001DB459 /* Products */,
				A6EEA32B4A5A343054AACE34 /* Pods */,
				446D1CFBF795CD74FFF8130E /* Frameworks */,
			);
			sourceTree = "<group>";
		};
		84BFD8382649911E001DB459 /* Products */ = {
			isa = PBXGroup;
			children = (
				84BFD8372649911E001DB459 /* Project_2.app */,
			);
			name = Products;
			sourceTree = "<group>";
		};
		84BFD8392649911E001DB459 /* Project_2 */ = {
			isa = PBXGroup;
			children = (
				84BFD83A2649911E001DB459 /* AppDelegate.swift */,
				84BFD83C2649911E001DB459 /* SceneDelegate.swift */,
				84BFD83E2649911E001DB459 /* ViewController.swift */,
				84BFD8402649911F001DB459 /* Main.storyboard */,
				84BFD84626499123001DB459 /* Assets.xcassets */,
				84BFD84826499123001DB459 /* LaunchScreen.storyboard */,
				84BFD84B26499123001DB459 /* Info.plist */,
				84BFD8432649911F001DB459 /* Project_2.xcdatamodeld */,
				84BFD8CD2649CBC7001DB459 /* DBHelper.swift */,
				84AF9B6D2649D39B00AA28B1 /* LoginViewController.swift */,
				84AF9B73264ADC6200AA28B1 /* AdminViewController.swift */,
				84AF9B76264ADC7500AA28B1 /* UserViewController.swift */,
				DE14B42D264B737E00E9D5B1 /* WelcomeViewController.swift */,
				84EE352B264B8907002AED57 /* SignUpViewController.swift */,
				84EE352E264B8C71002AED57 /* QuestionMakerViewController.swift */,
				84EE3534264C3128002AED57 /* QuizMakerViewController.swift */,
				84AF9BB6264C814100AA28B1 /* ForgetPasswordViewController.swift */,
				DEA96FF1264CBFF3000A1A73 /* Appearance.swift */,
				DE14BF91264CECBD00CF7825 /* TakeQuizViewController.swift */,
			);
			path = Project_2;
			sourceTree = "<group>";
		};
		A6EEA32B4A5A343054AACE34 /* Pods */ = {
			isa = PBXGroup;
			children = (
				83803ED69DAF05B1F243A2E7 /* Pods-Project_2.debug.xcconfig */,
				E317369B4B6EA56610CB5A97 /* Pods-Project_2.release.xcconfig */,
			);
			path = Pods;
			sourceTree = "<group>";
		};
/* End PBXGroup section */

/* Begin PBXNativeTarget section */
		84BFD8362649911E001DB459 /* Project_2 */ = {
			isa = PBXNativeTarget;
			buildConfigurationList = 84BFD84E26499123001DB459 /* Build configuration list for PBXNativeTarget "Project_2" */;
			buildPhases = (
				A5DA4983BDF3729A50EBEC5F /* [CP] Check Pods Manifest.lock */,
				84BFD8332649911E001DB459 /* Sources */,
				84BFD8342649911E001DB459 /* Frameworks */,
				84BFD8352649911E001DB459 /* Resources */,
				4AA9AB29CE432AFB956BB245 /* [CP] Embed Pods Frameworks */,
			);
			buildRules = (
			);
			dependencies = (
			);
			name = Project_2;
			productName = Project_2;
			productReference = 84BFD8372649911E001DB459 /* Project_2.app */;
			productType = "com.apple.product-type.application";
		};
/* End PBXNativeTarget section */

/* Begin PBXProject section */
		84BFD82F2649911E001DB459 /* Project object */ = {
			isa = PBXProject;
			attributes = {
				LastSwiftUpdateCheck = 1230;
				LastUpgradeCheck = 1230;
				TargetAttributes = {
					84BFD8362649911E001DB459 = {
						CreatedOnToolsVersion = 12.3;
					};
				};
			};
			buildConfigurationList = 84BFD8322649911E001DB459 /* Build configuration list for PBXProject "Project_2" */;
			compatibilityVersion = "Xcode 9.3";
			developmentRegion = en;
			hasScannedForEncodings = 0;
			knownRegions = (
				en,
				Base,
			);
			mainGroup = 84BFD82E2649911E001DB459;
			productRefGroup = 84BFD8382649911E001DB459 /* Products */;
			projectDirPath = "";
			projectRoot = "";
			targets = (
				84BFD8362649911E001DB459 /* Project_2 */,
			);
		};
/* End PBXProject section */

/* Begin PBXResourcesBuildPhase section */
		84BFD8352649911E001DB459 /* Resources */ = {
			isa = PBXResourcesBuildPhase;
			buildActionMask = 2147483647;
			files = (
				84BFD84A26499123001DB459 /* LaunchScreen.storyboard in Resources */,
				84BFD84726499123001DB459 /* Assets.xcassets in Resources */,
				84BFD8422649911F001DB459 /* Main.storyboard in Resources */,
			);
			runOnlyForDeploymentPostprocessing = 0;
		};
/* End PBXResourcesBuildPhase section */

/* Begin PBXShellScriptBuildPhase section */
		4AA9AB29CE432AFB956BB245 /* [CP] Embed Pods Frameworks */ = {
			isa = PBXShellScriptBuildPhase;
			buildActionMask = 2147483647;
			files = (
			);
			inputFileListPaths = (
				"${PODS_ROOT}/Target Support Files/Pods-Project_2/Pods-Project_2-frameworks-${CONFIGURATION}-input-files.xcfilelist",
			);
			name = "[CP] Embed Pods Frameworks";
			outputFileListPaths = (
				"${PODS_ROOT}/Target Support Files/Pods-Project_2/Pods-Project_2-frameworks-${CONFIGURATION}-output-files.xcfilelist",
			);
			runOnlyForDeploymentPostprocessing = 0;
			shellPath = /bin/sh;
			shellScript = "\"${PODS_ROOT}/Target Support Files/Pods-Project_2/Pods-Project_2-frameworks.sh\"\n";
			showEnvVarsInLog = 0;
		};
		A5DA4983BDF3729A50EBEC5F /* [CP] Check Pods Manifest.lock */ = {
			isa = PBXShellScriptBuildPhase;
			buildActionMask = 2147483647;
			files = (
			);
			inputFileListPaths = (
			);
			inputPaths = (
				"${PODS_PODFILE_DIR_PATH}/Podfile.lock",
				"${PODS_ROOT}/Manifest.lock",
			);
			name = "[CP] Check Pods Manifest.lock";
			outputFileListPaths = (
			);
			outputPaths = (
				"$(DERIVED_FILE_DIR)/Pods-Project_2-checkManifestLockResult.txt",
			);
			runOnlyForDeploymentPostprocessing = 0;
			shellPath = /bin/sh;
			shellScript = "diff \"${PODS_PODFILE_DIR_PATH}/Podfile.lock\" \"${PODS_ROOT}/Manifest.lock\" > /dev/null\nif [ $? != 0 ] ; then\n    # print error to STDERR\n    echo \"error: The sandbox is not in sync with the Podfile.lock. Run 'pod install' or update your CocoaPods installation.\" >&2\n    exit 1\nfi\n# This output is used by Xcode 'outputs' to avoid re-running this script phase.\necho \"SUCCESS\" > \"${SCRIPT_OUTPUT_FILE_0}\"\n";
			showEnvVarsInLog = 0;
		};
/* End PBXShellScriptBuildPhase section */

/* Begin PBXSourcesBuildPhase section */
		84BFD8332649911E001DB459 /* Sources */ = {
			isa = PBXSourcesBuildPhase;
			buildActionMask = 2147483647;
			files = (
				84AF9B74264ADC6200AA28B1 /* AdminViewController.swift in Sources */,
				84AF9BB7264C814100AA28B1 /* ForgetPasswordViewController.swift in Sources */,
				84AF9B77264ADC7500AA28B1 /* UserViewController.swift in Sources */,
				84BFD83F2649911E001DB459 /* ViewController.swift in Sources */,
				84BFD83B2649911E001DB459 /* AppDelegate.swift in Sources */,
				DE14BF92264CECBD00CF7825 /* TakeQuizViewController.swift in Sources */,
				84BFD8D42649CC71001DB459 /* User+CoreDataClass.swift in Sources */,
				84BFD8D62649CC71001DB459 /* Question+CoreDataClass.swift in Sources */,
				DE14B42E264B737E00E9D5B1 /* WelcomeViewController.swift in Sources */,
				84EE3524264B329D002AED57 /* Quiz+CoreDataProperties.swift in Sources */,
				84BFD8D72649CC71001DB459 /* Question+CoreDataProperties.swift in Sources */,
				84BFD8D52649CC71001DB459 /* User+CoreDataProperties.swift in Sources */,
				84EE352C264B8907002AED57 /* SignUpViewController.swift in Sources */,
				84EE352F264B8C71002AED57 /* QuestionMakerViewController.swift in Sources */,
				84BFD8CE2649CBC7001DB459 /* DBHelper.swift in Sources */,
				84BFD8452649911F001DB459 /* Project_2.xcdatamodeld in Sources */,
				DEA96FF2264CBFF3000A1A73 /* Appearance.swift in Sources */,
				84AF9B6E2649D39C00AA28B1 /* LoginViewController.swift in Sources */,
				84BFD83D2649911E001DB459 /* SceneDelegate.swift in Sources */,
				84EE3535264C3128002AED57 /* QuizMakerViewController.swift in Sources */,
				84EE3523264B329D002AED57 /* Quiz+CoreDataClass.swift in Sources */,
			);
			runOnlyForDeploymentPostprocessing = 0;
		};
/* End PBXSourcesBuildPhase section */

/* Begin PBXVariantGroup section */
		84BFD8402649911F001DB459 /* Main.storyboard */ = {
			isa = PBXVariantGroup;
			children = (
				84BFD8412649911F001DB459 /* Base */,
			);
			name = Main.storyboard;
			sourceTree = "<group>";
		};
		84BFD84826499123001DB459 /* LaunchScreen.storyboard */ = {
			isa = PBXVariantGroup;
			children = (
				84BFD84926499123001DB459 /* Base */,
			);
			name = LaunchScreen.storyboard;
			sourceTree = "<group>";
		};
/* End PBXVariantGroup section */

/* Begin XCBuildConfiguration section */
		84BFD84C26499123001DB459 /* Debug */ = {
			isa = XCBuildConfiguration;
			buildSettings = {
				ALWAYS_SEARCH_USER_PATHS = NO;
				CLANG_ANALYZER_NONNULL = YES;
				CLANG_ANALYZER_NUMBER_OBJECT_CONVERSION = YES_AGGRESSIVE;
				CLANG_CXX_LANGUAGE_STANDARD = "gnu++14";
				CLANG_CXX_LIBRARY = "libc++";
				CLANG_ENABLE_MODULES = YES;
				CLANG_ENABLE_OBJC_ARC = YES;
				CLANG_ENABLE_OBJC_WEAK = YES;
				CLANG_WARN_BLOCK_CAPTURE_AUTORELEASING = YES;
				CLANG_WARN_BOOL_CONVERSION = YES;
				CLANG_WARN_COMMA = YES;
				CLANG_WARN_CONSTANT_CONVERSION = YES;
				CLANG_WARN_DEPRECATED_OBJC_IMPLEMENTATIONS = YES;
				CLANG_WARN_DIRECT_OBJC_ISA_USAGE = YES_ERROR;
				CLANG_WARN_DOCUMENTATION_COMMENTS = YES;
				CLANG_WARN_EMPTY_BODY = YES;
				CLANG_WARN_ENUM_CONVERSION = YES;
				CLANG_WARN_INFINITE_RECURSION = YES;
				CLANG_WARN_INT_CONVERSION = YES;
				CLANG_WARN_NON_LITERAL_NULL_CONVERSION = YES;
				CLANG_WARN_OBJC_IMPLICIT_RETAIN_SELF = YES;
				CLANG_WARN_OBJC_LITERAL_CONVERSION = YES;
				CLANG_WARN_OBJC_ROOT_CLASS = YES_ERROR;
				CLANG_WARN_QUOTED_INCLUDE_IN_FRAMEWORK_HEADER = YES;
				CLANG_WARN_RANGE_LOOP_ANALYSIS = YES;
				CLANG_WARN_STRICT_PROTOTYPES = YES;
				CLANG_WARN_SUSPICIOUS_MOVE = YES;
				CLANG_WARN_UNGUARDED_AVAILABILITY = YES_AGGRESSIVE;
				CLANG_WARN_UNREACHABLE_CODE = YES;
				CLANG_WARN__DUPLICATE_METHOD_MATCH = YES;
				COPY_PHASE_STRIP = NO;
				DEBUG_INFORMATION_FORMAT = dwarf;
				ENABLE_STRICT_OBJC_MSGSEND = YES;
				ENABLE_TESTABILITY = YES;
				GCC_C_LANGUAGE_STANDARD = gnu11;
				GCC_DYNAMIC_NO_PIC = NO;
				GCC_NO_COMMON_BLOCKS = YES;
				GCC_OPTIMIZATION_LEVEL = 0;
				GCC_PREPROCESSOR_DEFINITIONS = (
					"DEBUG=1",
					"$(inherited)",
				);
				GCC_WARN_64_TO_32_BIT_CONVERSION = YES;
				GCC_WARN_ABOUT_RETURN_TYPE = YES_ERROR;
				GCC_WARN_UNDECLARED_SELECTOR = YES;
				GCC_WARN_UNINITIALIZED_AUTOS = YES_AGGRESSIVE;
				GCC_WARN_UNUSED_FUNCTION = YES;
				GCC_WARN_UNUSED_VARIABLE = YES;
				IPHONEOS_DEPLOYMENT_TARGET = 14.3;
				MTL_ENABLE_DEBUG_INFO = INCLUDE_SOURCE;
				MTL_FAST_MATH = YES;
				ONLY_ACTIVE_ARCH = YES;
				SDKROOT = iphoneos;
				SWIFT_ACTIVE_COMPILATION_CONDITIONS = DEBUG;
				SWIFT_OPTIMIZATION_LEVEL = "-Onone";
			};
			name = Debug;
		};
		84BFD84D26499123001DB459 /* Release */ = {
			isa = XCBuildConfiguration;
			buildSettings = {
				ALWAYS_SEARCH_USER_PATHS = NO;
				CLANG_ANALYZER_NONNULL = YES;
				CLANG_ANALYZER_NUMBER_OBJECT_CONVERSION = YES_AGGRESSIVE;
				CLANG_CXX_LANGUAGE_STANDARD = "gnu++14";
				CLANG_CXX_LIBRARY = "libc++";
				CLANG_ENABLE_MODULES = YES;
				CLANG_ENABLE_OBJC_ARC = YES;
				CLANG_ENABLE_OBJC_WEAK = YES;
				CLANG_WARN_BLOCK_CAPTURE_AUTORELEASING = YES;
				CLANG_WARN_BOOL_CONVERSION = YES;
				CLANG_WARN_COMMA = YES;
				CLANG_WARN_CONSTANT_CONVERSION = YES;
				CLANG_WARN_DEPRECATED_OBJC_IMPLEMENTATIONS = YES;
				CLANG_WARN_DIRECT_OBJC_ISA_USAGE = YES_ERROR;
				CLANG_WARN_DOCUMENTATION_COMMENTS = YES;
				CLANG_WARN_EMPTY_BODY = YES;
				CLANG_WARN_ENUM_CONVERSION = YES;
				CLANG_WARN_INFINITE_RECURSION = YES;
				CLANG_WARN_INT_CONVERSION = YES;
				CLANG_WARN_NON_LITERAL_NULL_CONVERSION = YES;
				CLANG_WARN_OBJC_IMPLICIT_RETAIN_SELF = YES;
				CLANG_WARN_OBJC_LITERAL_CONVERSION = YES;
				CLANG_WARN_OBJC_ROOT_CLASS = YES_ERROR;
				CLANG_WARN_QUOTED_INCLUDE_IN_FRAMEWORK_HEADER = YES;
				CLANG_WARN_RANGE_LOOP_ANALYSIS = YES;
				CLANG_WARN_STRICT_PROTOTYPES = YES;
				CLANG_WARN_SUSPICIOUS_MOVE = YES;
				CLANG_WARN_UNGUARDED_AVAILABILITY = YES_AGGRESSIVE;
				CLANG_WARN_UNREACHABLE_CODE = YES;
				CLANG_WARN__DUPLICATE_METHOD_MATCH = YES;
				COPY_PHASE_STRIP = NO;
				DEBUG_INFORMATION_FORMAT = "dwarf-with-dsym";
				ENABLE_NS_ASSERTIONS = NO;
				ENABLE_STRICT_OBJC_MSGSEND = YES;
				GCC_C_LANGUAGE_STANDARD = gnu11;
				GCC_NO_COMMON_BLOCKS = YES;
				GCC_WARN_64_TO_32_BIT_CONVERSION = YES;
				GCC_WARN_ABOUT_RETURN_TYPE = YES_ERROR;
				GCC_WARN_UNDECLARED_SELECTOR = YES;
				GCC_WARN_UNINITIALIZED_AUTOS = YES_AGGRESSIVE;
				GCC_WARN_UNUSED_FUNCTION = YES;
				GCC_WARN_UNUSED_VARIABLE = YES;
				IPHONEOS_DEPLOYMENT_TARGET = 14.3;
				MTL_ENABLE_DEBUG_INFO = NO;
				MTL_FAST_MATH = YES;
				SDKROOT = iphoneos;
				SWIFT_COMPILATION_MODE = wholemodule;
				SWIFT_OPTIMIZATION_LEVEL = "-O";
				VALIDATE_PRODUCT = YES;
			};
			name = Release;
		};
		84BFD84F26499123001DB459 /* Debug */ = {
			isa = XCBuildConfiguration;
			baseConfigurationReference = 83803ED69DAF05B1F243A2E7 /* Pods-Project_2.debug.xcconfig */;
			buildSettings = {
				ASSETCATALOG_COMPILER_APPICON_NAME = AppIcon;
				ASSETCATALOG_COMPILER_GLOBAL_ACCENT_COLOR_NAME = AccentColor;
				CODE_SIGN_STYLE = Automatic;
				DEVELOPMENT_TEAM = 46T98F84N2;
				INFOPLIST_FILE = Project_2/Info.plist;
				LD_RUNPATH_SEARCH_PATHS = (
					"$(inherited)",
					"@executable_path/Frameworks",
				);
				PRODUCT_BUNDLE_IDENTIFIER = "JD.Project-2";
				PRODUCT_NAME = "$(TARGET_NAME)";
				SWIFT_VERSION = 5.0;
				TARGETED_DEVICE_FAMILY = "1,2";
			};
			name = Debug;
		};
		84BFD85026499123001DB459 /* Release */ = {
			isa = XCBuildConfiguration;
			baseConfigurationReference = E317369B4B6EA56610CB5A97 /* Pods-Project_2.release.xcconfig */;
			buildSettings = {
				ASSETCATALOG_COMPILER_APPICON_NAME = AppIcon;
				ASSETCATALOG_COMPILER_GLOBAL_ACCENT_COLOR_NAME = AccentColor;
				CODE_SIGN_STYLE = Automatic;
				DEVELOPMENT_TEAM = 46T98F84N2;
				INFOPLIST_FILE = Project_2/Info.plist;
				LD_RUNPATH_SEARCH_PATHS = (
					"$(inherited)",
					"@executable_path/Frameworks",
				);
				PRODUCT_BUNDLE_IDENTIFIER = "JD.Project-2";
				PRODUCT_NAME = "$(TARGET_NAME)";
				SWIFT_VERSION = 5.0;
				TARGETED_DEVICE_FAMILY = "1,2";
			};
			name = Release;
		};
/* End XCBuildConfiguration section */

/* Begin XCConfigurationList section */
		84BFD8322649911E001DB459 /* Build configuration list for PBXProject "Project_2" */ = {
			isa = XCConfigurationList;
			buildConfigurations = (
				84BFD84C26499123001DB459 /* Debug */,
				84BFD84D26499123001DB459 /* Release */,
			);
			defaultConfigurationIsVisible = 0;
			defaultConfigurationName = Release;
		};
		84BFD84E26499123001DB459 /* Build configuration list for PBXNativeTarget "Project_2" */ = {
			isa = XCConfigurationList;
			buildConfigurations = (
				84BFD84F26499123001DB459 /* Debug */,
				84BFD85026499123001DB459 /* Release */,
			);
			defaultConfigurationIsVisible = 0;
			defaultConfigurationName = Release;
		};
/* End XCConfigurationList section */

/* Begin XCVersionGroup section */
		84BFD8432649911F001DB459 /* Project_2.xcdatamodeld */ = {
			isa = XCVersionGroup;
			children = (
				84BFD8442649911F001DB459 /* Project_2.xcdatamodel */,
			);
			currentVersion = 84BFD8442649911F001DB459 /* Project_2.xcdatamodel */;
			path = Project_2.xcdatamodeld;
			sourceTree = "<group>";
			versionGroupType = wrapper.xcdatamodel;
		};
/* End XCVersionGroup section */
	};
	rootObject = 84BFD82F2649911E001DB459 /* Project object */;
}
